{
  "requires": true,
  "lockfileVersion": 1,
  "dependencies": {
    "@ant-design/colors": {
      "version": "6.0.0",
      "resolved": "https://registry.npmjs.org/@ant-design/colors/-/colors-6.0.0.tgz",
      "integrity": "sha512-qAZRvPzfdWHtfameEGP2Qvuf838NhergR35o+EuVyB5XvSA98xod5r4utvi4TJ3ywmevm290g9nsCG5MryrdWQ==",
      "requires": {
        "@ctrl/tinycolor": "^3.4.0"
      }
    },
    "@ant-design/icons": {
      "version": "4.6.2",
      "resolved": "https://registry.npmjs.org/@ant-design/icons/-/icons-4.6.2.tgz",
      "integrity": "sha512-QsBG2BxBYU/rxr2eb8b2cZ4rPKAPBpzAR+0v6rrZLp/lnyvflLH3tw1vregK+M7aJauGWjIGNdFmUfpAOtw25A==",
      "requires": {
        "@ant-design/colors": "^6.0.0",
        "@ant-design/icons-svg": "^4.0.0",
        "@babel/runtime": "^7.11.2",
        "classnames": "^2.2.6",
        "rc-util": "^5.9.4"
      }
    },
    "@ant-design/icons-svg": {
      "version": "4.1.0",
      "resolved": "https://registry.npmjs.org/@ant-design/icons-svg/-/icons-svg-4.1.0.tgz",
      "integrity": "sha512-Fi03PfuUqRs76aI3UWYpP864lkrfPo0hluwGqh7NJdLhvH4iRDc3jbJqZIvRDLHKbXrvAfPPV3+zjUccfFvWOQ=="
    },
    "@ant-design/react-slick": {
      "version": "0.28.3",
      "resolved": "https://registry.npmjs.org/@ant-design/react-slick/-/react-slick-0.28.3.tgz",
      "integrity": "sha512-u3onF2VevGRbkGbgpldVX/nzd7LFtLeZJE0x2xIFT2qYHKkJZ6QT/jQ7KqYK4UpeTndoyrbMqLN4DiJza4BVBg==",
      "requires": {
        "@babel/runtime": "^7.10.4",
        "classnames": "^2.2.5",
        "json2mq": "^0.2.0",
        "lodash": "^4.17.21",
        "resize-observer-polyfill": "^1.5.0"
      }
    },
    "@babel/runtime": {
      "version": "7.13.10",
      "resolved": "https://registry.npmjs.org/@babel/runtime/-/runtime-7.13.10.tgz",
      "integrity": "sha512-4QPkjJq6Ns3V/RgpEahRk+AGfL0eO6RHHtTWoNNr5mO49G6B5+X6d6THgWEAvTrznU5xYpbAlVKRYcsCgh/Akw==",
      "requires": {
        "regenerator-runtime": "^0.13.4"
      }
    },
    "@ctrl/tinycolor": {
      "version": "3.4.0",
      "resolved": "https://registry.npmjs.org/@ctrl/tinycolor/-/tinycolor-3.4.0.tgz",
      "integrity": "sha512-JZButFdZ1+/xAfpguQHoabIXkcqRRKpMrWKBkpEZZyxfY9C1DpADFB8PEqGSTeFr135SaTRfKqGKx5xSCLI7ZQ=="
    },
    "@mapbox/geojson-rewind": {
      "version": "0.5.0",
      "resolved": "https://registry.npmjs.org/@mapbox/geojson-rewind/-/geojson-rewind-0.5.0.tgz",
      "integrity": "sha512-73l/qJQgj/T/zO1JXVfuVvvKDgikD/7D/rHAD28S9BG1OTstgmftrmqfCx4U+zQAmtsB6HcDA3a7ymdnJZAQgg==",
      "requires": {
        "concat-stream": "~2.0.0",
        "minimist": "^1.2.5"
      }
    },
    "@mapbox/geojson-types": {
      "version": "1.0.2",
      "resolved": "https://registry.npmjs.org/@mapbox/geojson-types/-/geojson-types-1.0.2.tgz",
      "integrity": "sha512-e9EBqHHv3EORHrSfbR9DqecPNn+AmuAoQxV6aL8Xu30bJMJR1o8PZLZzpk1Wq7/NfCbuhmakHTPYRhoqLsXRnw=="
    },
    "@mapbox/jsonlint-lines-primitives": {
      "version": "2.0.2",
      "resolved": "https://registry.npmjs.org/@mapbox/jsonlint-lines-primitives/-/jsonlint-lines-primitives-2.0.2.tgz",
      "integrity": "sha1-zlblOfg1UrWNENZy6k1vya3HsjQ="
    },
    "@mapbox/mapbox-gl-supported": {
      "version": "2.0.0",
      "resolved": "https://registry.npmjs.org/@mapbox/mapbox-gl-supported/-/mapbox-gl-supported-2.0.0.tgz",
      "integrity": "sha512-zu4udqYiBrKMQKwpKJ4hhPON7tz0QR/JZ3iGpHnNWFmH3Sv/ysxlICATUtGCFpsyJf2v1WpFhlzaZ3GhhKmPMA=="
    },
    "@mapbox/point-geometry": {
      "version": "0.1.0",
      "resolved": "https://registry.npmjs.org/@mapbox/point-geometry/-/point-geometry-0.1.0.tgz",
      "integrity": "sha1-ioP5M1x4YO/6Lu7KJUMyqgru2PI="
    },
    "@mapbox/tiny-sdf": {
      "version": "1.2.5",
      "resolved": "https://registry.npmjs.org/@mapbox/tiny-sdf/-/tiny-sdf-1.2.5.tgz",
      "integrity": "sha512-cD8A/zJlm6fdJOk6DqPUV8mcpyJkRz2x2R+/fYcWDYG3oWbG7/L7Yl/WqQ1VZCjnL9OTIMAn6c+BC5Eru4sQEw=="
    },
    "@mapbox/unitbezier": {
      "version": "0.0.0",
      "resolved": "https://registry.npmjs.org/@mapbox/unitbezier/-/unitbezier-0.0.0.tgz",
      "integrity": "sha1-FWUb1VOme4WB+zmIEMmK2Go0Uk4="
    },
    "@mapbox/vector-tile": {
      "version": "1.3.1",
      "resolved": "https://registry.npmjs.org/@mapbox/vector-tile/-/vector-tile-1.3.1.tgz",
      "integrity": "sha512-MCEddb8u44/xfQ3oD+Srl/tNcQoqTw3goGk2oLsrFxOTc3dUp+kAnby3PvAeeBYSMSjSPD1nd1AJA6W49WnoUw==",
      "requires": {
        "@mapbox/point-geometry": "~0.1.0"
      }
    },
    "@mapbox/whoots-js": {
      "version": "3.1.0",
      "resolved": "https://registry.npmjs.org/@mapbox/whoots-js/-/whoots-js-3.1.0.tgz",
      "integrity": "sha512-Es6WcD0nO5l+2BOQS4uLfNPYQaNDfbot3X1XUoloz+x0mPDS3eeORZJl06HXjwBG1fOGwCRnzK88LMdxKRrd6Q=="
    },
    "@math.gl/web-mercator": {
      "version": "3.4.2",
      "resolved": "https://registry.npmjs.org/@math.gl/web-mercator/-/web-mercator-3.4.2.tgz",
      "integrity": "sha512-Az/WI8vxbqnrTEcYgqDQ3CgCRoFA2a4XT9mkjVrT7iIlfrUF5lrIXcmpljjKvoFNBldKrng7hFSeHHM2ghgSrg==",
      "requires": {
        "@babel/runtime": "^7.12.0",
        "gl-matrix": "^3.0.0"
      }
    },
    "@syncfusion/ej2-base": {
      "version": "19.1.56",
      "resolved": "https://registry.npmjs.org/@syncfusion/ej2-base/-/ej2-base-19.1.56.tgz",
      "integrity": "sha512-qWJgSCbjc40WqKr0iwssvnFEiqz9qh3MpiJ3wcJsZzjmhKBwFKyw2aIEU4DObKzwQ55XiP9LTzPXQPoT/HCJFA==",
      "requires": {
        "@syncfusion/ej2-icons": "~19.1.54"
      }
    },
    "@syncfusion/ej2-buttons": {
      "version": "19.1.54",
      "resolved": "https://registry.npmjs.org/@syncfusion/ej2-buttons/-/ej2-buttons-19.1.54.tgz",
      "integrity": "sha512-jMweKcNkjKSZGrwh03SG/JQ8c7vVpUygPxfjMAv/pJcWj4GvvNXMzd0TQuwFSCjLFlole39/l3LpUWnCoZstrA==",
      "requires": {
        "@syncfusion/ej2-base": "~19.1.54"
      }
    },
    "@syncfusion/ej2-calendars": {
      "version": "19.1.56",
      "resolved": "https://registry.npmjs.org/@syncfusion/ej2-calendars/-/ej2-calendars-19.1.56.tgz",
      "integrity": "sha512-2JpYnU7cl1oscW57toJieI0IDY1yI4hfCBITSMup0UN9aJJrO/P07BLV7k05k0Lswyj64vFAQ4XVyDb97gcfLQ==",
      "requires": {
        "@syncfusion/ej2-base": "~19.1.56",
        "@syncfusion/ej2-buttons": "~19.1.54",
        "@syncfusion/ej2-inputs": "~19.1.54",
        "@syncfusion/ej2-lists": "~19.1.56",
        "@syncfusion/ej2-popups": "~19.1.56"
      }
    },
    "@syncfusion/ej2-compression": {
      "version": "19.1.54",
      "resolved": "https://registry.npmjs.org/@syncfusion/ej2-compression/-/ej2-compression-19.1.54.tgz",
      "integrity": "sha512-zomYG68iBI+kuRTaNDOULNg2+XnT4N7mBYBAvcwOm4rA+yMpws8ftcaY+7jMalOnDgWJjjKl+Lrj2vU4AU93Nw==",
      "requires": {
        "@syncfusion/ej2-file-utils": "~19.1.54"
      }
    },
    "@syncfusion/ej2-data": {
      "version": "19.1.56",
      "resolved": "https://registry.npmjs.org/@syncfusion/ej2-data/-/ej2-data-19.1.56.tgz",
      "integrity": "sha512-KQ3mEIjnl6AnEf52FGQAgm0zwtbY2jQdnLtz8NIobUVdIPyPf2Qb4fuPrKHW8gdW4itJOoRSqyeEk2qvgygXPw==",
      "requires": {
        "@syncfusion/ej2-base": "~19.1.56"
      }
    },
    "@syncfusion/ej2-dropdowns": {
      "version": "19.1.56",
      "resolved": "https://registry.npmjs.org/@syncfusion/ej2-dropdowns/-/ej2-dropdowns-19.1.56.tgz",
      "integrity": "sha512-51UlnxYnmsr9nIfqlfdZZzwjLCnMb93PYG2iEZm7rQB91REfCNNOkb7duvOX3wQhEOGoFuugskGcnY9K9kb+2w==",
      "requires": {
        "@syncfusion/ej2-base": "~19.1.56",
        "@syncfusion/ej2-data": "~19.1.56",
        "@syncfusion/ej2-inputs": "~19.1.54",
        "@syncfusion/ej2-lists": "~19.1.56",
        "@syncfusion/ej2-navigations": "~19.1.54",
        "@syncfusion/ej2-popups": "~19.1.56"
      }
    },
    "@syncfusion/ej2-excel-export": {
      "version": "19.1.54",
      "resolved": "https://registry.npmjs.org/@syncfusion/ej2-excel-export/-/ej2-excel-export-19.1.54.tgz",
      "integrity": "sha512-XJsFwKzBRg+K8yR36y6ZsPJcWOUJrUtUw2J+vdoBlJ4UQ7+19QR6SPd5QT0ZU2h9/kv3y+Np6Tx3p2zD0jVc8A==",
      "requires": {
        "@syncfusion/ej2-base": "~19.1.54",
        "@syncfusion/ej2-compression": "~19.1.54"
      }
    },
    "@syncfusion/ej2-file-utils": {
      "version": "19.1.54",
      "resolved": "https://registry.npmjs.org/@syncfusion/ej2-file-utils/-/ej2-file-utils-19.1.54.tgz",
      "integrity": "sha512-+GPv2LLpsCJkyA7C/nXlJYRvKGAQBvXuV11Sm9mnRSikzUBc7KVpX+xqYkE2dlX7uhiup9Ql5j7+nbkx1aDz4A=="
    },
    "@syncfusion/ej2-icons": {
      "version": "19.1.54",
      "resolved": "https://registry.npmjs.org/@syncfusion/ej2-icons/-/ej2-icons-19.1.54.tgz",
      "integrity": "sha512-QFIU7AOrIvgEjcOxj46fU9P3gQqjt7jKZpVc/GoDTvSDroUsLtbOiEZqphC9TQ7ZzLS9bfA/xNYNEGiln/NlTA=="
    },
    "@syncfusion/ej2-inputs": {
      "version": "19.1.54",
      "resolved": "https://registry.npmjs.org/@syncfusion/ej2-inputs/-/ej2-inputs-19.1.54.tgz",
      "integrity": "sha512-j3vH8fcKJBFY1NMtnqZ77M2bwhOi+G1pmUKJIZxMIJCD8XEMUHDpGvfLthH8dYiB5GUDy0ZiqpuCsWkXc7dT+g==",
      "requires": {
        "@syncfusion/ej2-base": "~19.1.54",
        "@syncfusion/ej2-buttons": "~19.1.54",
        "@syncfusion/ej2-popups": "~19.1.54",
        "@syncfusion/ej2-splitbuttons": "~19.1.54"
      }
    },
    "@syncfusion/ej2-lists": {
      "version": "19.1.56",
      "resolved": "https://registry.npmjs.org/@syncfusion/ej2-lists/-/ej2-lists-19.1.56.tgz",
      "integrity": "sha512-qnkXlbuwsz6s9jgDXzzXn6+pwC1QvLk+DNMIa/mvULxJ5wfIzJX3+TNaI3OHt/QCw9s9MGxwVAs+p7fsG+hJVQ==",
      "requires": {
        "@syncfusion/ej2-base": "~19.1.56",
        "@syncfusion/ej2-buttons": "~19.1.54",
        "@syncfusion/ej2-data": "~19.1.56"
      }
    },
    "@syncfusion/ej2-navigations": {
      "version": "19.1.54",
      "resolved": "https://registry.npmjs.org/@syncfusion/ej2-navigations/-/ej2-navigations-19.1.54.tgz",
      "integrity": "sha512-icsW1dS+Id0kmqfjCXrCgftTKB/DemrgAH9v75DUumKNn/S0R7GtySWwOiq+mz9FzIpaih0lz6q9edHdREqfgQ==",
      "requires": {
        "@syncfusion/ej2-base": "~19.1.54",
        "@syncfusion/ej2-buttons": "~19.1.54",
        "@syncfusion/ej2-data": "~19.1.54",
        "@syncfusion/ej2-inputs": "~19.1.54",
        "@syncfusion/ej2-lists": "~19.1.54",
        "@syncfusion/ej2-popups": "~19.1.54"
      }
    },
    "@syncfusion/ej2-popups": {
      "version": "19.1.56",
      "resolved": "https://registry.npmjs.org/@syncfusion/ej2-popups/-/ej2-popups-19.1.56.tgz",
      "integrity": "sha512-Fz+mQkAaNX351fOIK1mtGx8msqVFs1uu7X9ESBkxkjqOMlW6ExJXKgWeWppxBT0LtobTUE8M8BjTEsqvYc3+Zw==",
      "requires": {
        "@syncfusion/ej2-base": "~19.1.56",
        "@syncfusion/ej2-buttons": "~19.1.54"
      }
    },
    "@syncfusion/ej2-react-base": {
      "version": "19.1.54",
      "resolved": "https://registry.npmjs.org/@syncfusion/ej2-react-base/-/ej2-react-base-19.1.54.tgz",
      "integrity": "sha512-YBSXn3MehH2ocRozRXjMvTlhHJlsilQaoU7LUuWhVQ9+Qoq6esflpB+x/Fa1U/sUTz7s3iQcb45rAy+nZbmhyw==",
      "requires": {
        "@syncfusion/ej2-base": "~19.1.54"
      }
    },
    "@syncfusion/ej2-react-schedule": {
      "version": "19.1.56",
      "resolved": "https://registry.npmjs.org/@syncfusion/ej2-react-schedule/-/ej2-react-schedule-19.1.56.tgz",
      "integrity": "sha512-GYgCuylR870mTOzQTsr9PQl8LVz7mNFCWl5hIr/ZCVSFGfcql1CPYzzWLbykTWXx6lKCDiLmtN8VIwUvLKB45A==",
      "requires": {
        "@syncfusion/ej2-base": "~19.1.56",
        "@syncfusion/ej2-react-base": "~19.1.54",
        "@syncfusion/ej2-schedule": "19.1.56"
      }
    },
    "@syncfusion/ej2-schedule": {
      "version": "19.1.56",
      "resolved": "https://registry.npmjs.org/@syncfusion/ej2-schedule/-/ej2-schedule-19.1.56.tgz",
      "integrity": "sha512-x2oFvF3ZOideKqyA9iH8CHzuGmIfF4zzm1HEXZwP6wPqJhOxG3S9Wsq4vMOk/HDR1/YABrFNaDWhsCnAw1+LoQ==",
      "requires": {
        "@syncfusion/ej2-base": "~19.1.56",
        "@syncfusion/ej2-buttons": "~19.1.54",
        "@syncfusion/ej2-calendars": "~19.1.56",
        "@syncfusion/ej2-data": "~19.1.56",
        "@syncfusion/ej2-dropdowns": "~19.1.56",
        "@syncfusion/ej2-excel-export": "~19.1.54",
        "@syncfusion/ej2-inputs": "~19.1.54",
        "@syncfusion/ej2-lists": "~19.1.56",
        "@syncfusion/ej2-navigations": "~19.1.54",
        "@syncfusion/ej2-popups": "~19.1.56"
      }
    },
    "@syncfusion/ej2-splitbuttons": {
      "version": "19.1.54",
      "resolved": "https://registry.npmjs.org/@syncfusion/ej2-splitbuttons/-/ej2-splitbuttons-19.1.54.tgz",
      "integrity": "sha512-cwT/HbzLrWHMlc4cBP5B1peZMNjF1uS0ULzl+TfripwoxjyigbAzlstyk/O6aqeOhuVEh48tScJD1RKngKha3A==",
      "requires": {
        "@syncfusion/ej2-base": "~19.1.54",
        "@syncfusion/ej2-popups": "~19.1.54"
      }
    },
    "@types/geojson": {
      "version": "7946.0.7",
      "resolved": "https://registry.npmjs.org/@types/geojson/-/geojson-7946.0.7.tgz",
      "integrity": "sha512-wE2v81i4C4Ol09RtsWFAqg3BUitWbHSpSlIo+bNdsCJijO9sjme+zm+73ZMCa/qMC8UEERxzGbvmr1cffo2SiQ=="
    },
    "@types/mapbox-gl": {
      "version": "2.1.1",
      "resolved": "https://registry.npmjs.org/@types/mapbox-gl/-/mapbox-gl-2.1.1.tgz",
      "integrity": "sha512-oDgHhkAC9iYIj/H/9iwm6gHHKKPzweTUgOlozcrvWr8T07dyymGty6mON2j4kEeBGyTTI291vI6gP9k2ArxvHw==",
      "requires": {
        "@types/geojson": "*"
      }
    },
    "antd": {
      "version": "4.15.1",
      "resolved": "https://registry.npmjs.org/antd/-/antd-4.15.1.tgz",
      "integrity": "sha512-zTZz8GY9yERNjSnH6xWU3Rw5sC3RtHEs/LOTKcSMTtU3Q5jHXIbAHKd1C6bYLQT6Ru75p+/UyKvJoNip/ax/WQ==",
      "requires": {
        "@ant-design/colors": "^6.0.0",
        "@ant-design/icons": "^4.6.2",
        "@ant-design/react-slick": "~0.28.1",
        "@babel/runtime": "^7.12.5",
        "array-tree-filter": "^2.1.0",
        "classnames": "^2.2.6",
        "copy-to-clipboard": "^3.2.0",
        "lodash": "^4.17.21",
        "moment": "^2.25.3",
        "rc-cascader": "~1.4.0",
        "rc-checkbox": "~2.3.0",
        "rc-collapse": "~3.1.0",
        "rc-dialog": "~8.5.1",
        "rc-drawer": "~4.3.0",
        "rc-dropdown": "~3.2.0",
        "rc-field-form": "~1.20.0",
        "rc-image": "~5.2.4",
        "rc-input-number": "~7.0.1",
        "rc-mentions": "~1.5.0",
        "rc-menu": "~8.10.0",
        "rc-motion": "^2.4.0",
        "rc-notification": "~4.5.2",
        "rc-pagination": "~3.1.6",
        "rc-picker": "~2.5.10",
        "rc-progress": "~3.1.0",
        "rc-rate": "~2.9.0",
        "rc-resize-observer": "^1.0.0",
        "rc-select": "~12.1.6",
        "rc-slider": "~9.7.1",
        "rc-steps": "~4.1.0",
        "rc-switch": "~3.2.0",
        "rc-table": "~7.13.0",
        "rc-tabs": "~11.7.0",
        "rc-textarea": "~0.3.0",
        "rc-tooltip": "~5.1.0",
        "rc-tree": "~4.1.0",
        "rc-tree-select": "~4.3.0",
        "rc-trigger": "^5.2.1",
        "rc-upload": "~4.2.0-alpha.0",
        "rc-util": "^5.9.4",
        "scroll-into-view-if-needed": "^2.2.25",
        "warning": "^4.0.3"
      }
    },
    "array-tree-filter": {
      "version": "2.1.0",
      "resolved": "https://registry.npmjs.org/array-tree-filter/-/array-tree-filter-2.1.0.tgz",
      "integrity": "sha512-4ROwICNlNw/Hqa9v+rk5h22KjmzB1JGTMVKP2AKJBOCgb0yL0ASf0+YvCcLNNwquOHNX48jkeZIJ3a+oOQqKcw=="
    },
    "async-validator": {
      "version": "3.5.1",
      "resolved": "https://registry.npmjs.org/async-validator/-/async-validator-3.5.1.tgz",
      "integrity": "sha512-DDmKA7sdSAJtTVeNZHrnr2yojfFaoeW8MfQN8CeuXg8DDQHTqKk9Fdv38dSvnesHoO8MUwMI2HphOeSyIF+wmQ=="
    },
    "bootstrap": {
      "version": "4.6.0",
      "resolved": "https://registry.npmjs.org/bootstrap/-/bootstrap-4.6.0.tgz",
      "integrity": "sha512-Io55IuQY3kydzHtbGvQya3H+KorS/M9rSNyfCGCg9WZ4pyT/lCxIlpJgG1GXW/PswzC84Tr2fBYi+7+jFVQQBw=="
    },
    "buffer-from": {
      "version": "1.1.1",
      "resolved": "https://registry.npmjs.org/buffer-from/-/buffer-from-1.1.1.tgz",
      "integrity": "sha512-MQcXEUbCKtEo7bhqEs6560Hyd4XaovZlO/k9V3hjVUF/zwW7KBVdSK4gIt/bzwS9MbR5qob+F5jusZsb0YQK2A=="
    },
    "classnames": {
      "version": "2.3.1",
      "resolved": "https://registry.npmjs.org/classnames/-/classnames-2.3.1.tgz",
      "integrity": "sha512-OlQdbZ7gLfGarSqxesMesDa5uz7KFbID8Kpq/SxIoNGDqY8lSYs0D+hhtBXhcdB3rcbXArFr7vlHheLk1voeNA=="
    },
    "compute-scroll-into-view": {
      "version": "1.0.17",
      "resolved": "https://registry.npmjs.org/compute-scroll-into-view/-/compute-scroll-into-view-1.0.17.tgz",
      "integrity": "sha512-j4dx+Fb0URmzbwwMUrhqWM2BEWHdFGx+qZ9qqASHRPqvTYdqvWnHg0H1hIbcyLnvgnoNAVMlwkepyqM3DaIFUg=="
    },
    "concat-stream": {
      "version": "2.0.0",
      "resolved": "https://registry.npmjs.org/concat-stream/-/concat-stream-2.0.0.tgz",
      "integrity": "sha512-MWufYdFw53ccGjCA+Ol7XJYpAlW6/prSMzuPOTRnJGcGzuhLn4Scrz7qf6o8bROZ514ltazcIFJZevcfbo0x7A==",
      "requires": {
        "buffer-from": "^1.0.0",
        "inherits": "^2.0.3",
        "readable-stream": "^3.0.2",
        "typedarray": "^0.0.6"
      }
    },
    "copy-to-clipboard": {
      "version": "3.3.1",
      "resolved": "https://registry.npmjs.org/copy-to-clipboard/-/copy-to-clipboard-3.3.1.tgz",
      "integrity": "sha512-i13qo6kIHTTpCm8/Wup+0b1mVWETvu2kIMzKoK8FpkLkFxlt0znUAHcMzox+T8sPlqtZXq3CulEjQHsYiGFJUw==",
      "requires": {
        "toggle-selection": "^1.0.6"
      }
    },
    "csscolorparser": {
      "version": "1.0.3",
      "resolved": "https://registry.npmjs.org/csscolorparser/-/csscolorparser-1.0.3.tgz",
      "integrity": "sha1-s085HupNqPPpgjHizNjfnAQfFxs="
    },
    "date-fns": {
      "version": "2.20.3",
      "resolved": "https://registry.npmjs.org/date-fns/-/date-fns-2.20.3.tgz",
      "integrity": "sha512-BbiJSlfmr1Fnfi1OHY8arklKdwtZ9n3NkjCeK8G9gtEe0ZSUwJuwHc6gYBl0uoC0Oa5RdpJV1gBBdXcZi8Efdw=="
    },
    "dom-align": {
      "version": "1.12.0",
      "resolved": "https://registry.npmjs.org/dom-align/-/dom-align-1.12.0.tgz",
      "integrity": "sha512-YkoezQuhp3SLFGdOlr5xkqZ640iXrnHAwVYcDg8ZKRUtO7mSzSC2BA5V0VuyAwPSJA4CLIc6EDDJh4bEsD2+zA=="
    },
    "earcut": {
      "version": "2.2.2",
      "resolved": "https://registry.npmjs.org/earcut/-/earcut-2.2.2.tgz",
      "integrity": "sha512-eZoZPPJcUHnfRZ0PjLvx2qBordSiO8ofC3vt+qACLM95u+4DovnbYNpQtJh0DNsWj8RnxrQytD4WA8gj5cRIaQ=="
    },
    "geojson-vt": {
      "version": "3.2.1",
      "resolved": "https://registry.npmjs.org/geojson-vt/-/geojson-vt-3.2.1.tgz",
      "integrity": "sha512-EvGQQi/zPrDA6zr6BnJD/YhwAkBP8nnJ9emh3EnHQKVMfg/MRVtPbMYdgVy/IaEmn4UfagD2a6fafPDL5hbtwg=="
    },
    "gl-matrix": {
      "version": "3.3.0",
      "resolved": "https://registry.npmjs.org/gl-matrix/-/gl-matrix-3.3.0.tgz",
      "integrity": "sha512-COb7LDz+SXaHtl/h4LeaFcNdJdAQSDeVqjiIihSXNrkWObZLhDI4hIkZC11Aeqp7bcE72clzB0BnDXr2SmslRA=="
    },
    "grid-index": {
      "version": "1.1.0",
      "resolved": "https://registry.npmjs.org/grid-index/-/grid-index-1.1.0.tgz",
      "integrity": "sha512-HZRwumpOGUrHyxO5bqKZL0B0GlUpwtCAzZ42sgxUPniu33R1LSFH5yrIcBCHjkctCAh3mtWKcKd9J4vDDdeVHA=="
    },
    "hammerjs": {
      "version": "2.0.8",
      "resolved": "https://registry.npmjs.org/hammerjs/-/hammerjs-2.0.8.tgz",
      "integrity": "sha1-BO93hiz/K7edMPdpIJWTAiK/YPE="
    },
    "hoist-non-react-statics": {
      "version": "3.3.2",
      "resolved": "https://registry.npmjs.org/hoist-non-react-statics/-/hoist-non-react-statics-3.3.2.tgz",
      "integrity": "sha512-/gGivxi8JPKWNm/W0jSmzcMPpfpPLc3dY/6GxhX2hQ9iGj3aDfklV4ET7NjKpSinLpJ5vafa9iiGIEZg10SfBw==",
      "requires": {
        "react-is": "^16.7.0"
      }
    },
    "ieee754": {
      "version": "1.2.1",
      "resolved": "https://registry.npmjs.org/ieee754/-/ieee754-1.2.1.tgz",
      "integrity": "sha512-dcyqhDvX1C46lXZcVqCpK+FtMRQVdIMN6/Df5js2zouUsqG7I6sFxitIC+7KYK29KdXOLHdu9zL4sFnoVQnqaA=="
    },
    "inherits": {
      "version": "2.0.4",
      "resolved": "https://registry.npmjs.org/inherits/-/inherits-2.0.4.tgz",
      "integrity": "sha512-k/vGaX4/Yla3WzyMCvTQOXYeIHvqOKtnqBduzTHpzpQZzAskKMhZ2K+EnBiSM9zGSoIFeMpXKxa4dYeZIQqewQ=="
    },
    "js-tokens": {
      "version": "4.0.0",
      "resolved": "https://registry.npmjs.org/js-tokens/-/js-tokens-4.0.0.tgz",
      "integrity": "sha512-RdJUflcE3cUzKiMqQgsCu06FPu9UdIJO0beYbPhHN4k6apgJtifcoCtT9bcxOpYBtpD2kCM6Sbzg4CausW/PKQ=="
    },
    "json2mq": {
      "version": "0.2.0",
      "resolved": "https://registry.npmjs.org/json2mq/-/json2mq-0.2.0.tgz",
      "integrity": "sha1-tje9O6nqvhIsg+lyBIOusQ0skEo=",
      "requires": {
        "string-convert": "^0.2.0"
      }
    },
    "kdbush": {
      "version": "3.0.0",
      "resolved": "https://registry.npmjs.org/kdbush/-/kdbush-3.0.0.tgz",
      "integrity": "sha512-hRkd6/XW4HTsA9vjVpY9tuXJYLSlelnkTmVFu4M9/7MIYQtFcHpbugAU7UbOfjOiVSVYl2fqgBuJ32JUmRo5Ew=="
    },
    "lodash": {
      "version": "4.17.21",
      "resolved": "https://registry.npmjs.org/lodash/-/lodash-4.17.21.tgz",
      "integrity": "sha512-v2kDEe57lecTulaDIuNTPy3Ry4gLGJ6Z1O3vE1krgXZNrsQ+LFTGHVxVjcXPs17LhbZVGedAJv8XZ1tvj5FvSg=="
    },
    "loose-envify": {
      "version": "1.4.0",
      "resolved": "https://registry.npmjs.org/loose-envify/-/loose-envify-1.4.0.tgz",
      "integrity": "sha512-lyuxPGr/Wfhrlem2CL/UcnUc1zcqKAImBDzukY7Y5F/yQiNdko6+fRLevlw1HgMySw7f611UIY408EtxRSoK3Q==",
      "requires": {
        "js-tokens": "^3.0.0 || ^4.0.0"
      }
    },
    "mapbox-gl": {
      "version": "2.2.0",
      "resolved": "https://registry.npmjs.org/mapbox-gl/-/mapbox-gl-2.2.0.tgz",
      "integrity": "sha512-/9OQjaOIpQcZfXMFMxnjjAjhVGPjuAxQFAbdvG6CXD5aLhm1j2D3zxCCfxxMCEuILRBCbkxEAhVf3JoT+aFXEQ==",
      "requires": {
        "@mapbox/geojson-rewind": "^0.5.0",
        "@mapbox/geojson-types": "^1.0.2",
        "@mapbox/jsonlint-lines-primitives": "^2.0.2",
        "@mapbox/mapbox-gl-supported": "^2.0.0",
        "@mapbox/point-geometry": "^0.1.0",
        "@mapbox/tiny-sdf": "^1.2.5",
        "@mapbox/unitbezier": "^0.0.0",
        "@mapbox/vector-tile": "^1.3.1",
        "@mapbox/whoots-js": "^3.1.0",
        "csscolorparser": "~1.0.3",
        "earcut": "^2.2.2",
        "geojson-vt": "^3.2.1",
        "gl-matrix": "^3.3.0",
        "grid-index": "^1.1.0",
        "minimist": "^1.2.5",
        "murmurhash-js": "^1.0.0",
        "pbf": "^3.2.1",
        "potpack": "^1.0.1",
        "quickselect": "^2.0.0",
        "rw": "^1.3.3",
        "supercluster": "^7.1.2",
        "tinyqueue": "^2.0.3",
        "vt-pbf": "^3.1.1"
      }
    },
    "mini-store": {
      "version": "3.0.6",
      "resolved": "https://registry.npmjs.org/mini-store/-/mini-store-3.0.6.tgz",
      "integrity": "sha512-YzffKHbYsMQGUWQRKdsearR79QsMzzJcDDmZKlJBqt5JNkqpyJHYlK6gP61O36X+sLf76sO9G6mhKBe83gIZIQ==",
      "requires": {
        "hoist-non-react-statics": "^3.3.2",
        "shallowequal": "^1.0.2"
      }
    },
    "minimist": {
      "version": "1.2.5",
      "resolved": "https://registry.npmjs.org/minimist/-/minimist-1.2.5.tgz",
      "integrity": "sha512-FM9nNUYrRBAELZQT3xeZQ7fmMOBg6nWNmJKTcgsJeaLstP/UODVpGsr5OhXhhXg6f+qtJ8uiZ+PUxkDWcgIXLw=="
    },
    "mjolnir.js": {
      "version": "2.5.0",
      "resolved": "https://registry.npmjs.org/mjolnir.js/-/mjolnir.js-2.5.0.tgz",
      "integrity": "sha512-YkVoyKs7qm9xvAgRgjx3Md/7eYqmq7VXOgTKQNnmuzcBJzMebjdIWa7FdTd0RZBrw3UL6V6TTktsxJwBMLXUNA==",
      "requires": {
        "@babel/runtime": "^7.0.0",
        "hammerjs": "^2.0.8"
      }
    },
    "moment": {
      "version": "2.29.1",
      "resolved": "https://registry.npmjs.org/moment/-/moment-2.29.1.tgz",
      "integrity": "sha512-kHmoybcPV8Sqy59DwNDY3Jefr64lK/by/da0ViFcuA4DH0vQg5Q6Ze5VimxkfQNSC+Mls/Kx53s7TjP1RhFEDQ=="
    },
    "murmurhash-js": {
      "version": "1.0.0",
      "resolved": "https://registry.npmjs.org/murmurhash-js/-/murmurhash-js-1.0.0.tgz",
      "integrity": "sha1-sGJ44h/Gw3+lMTcysEEry2rhX1E="
    },
    "object-assign": {
      "version": "4.1.1",
      "resolved": "https://registry.npmjs.org/object-assign/-/object-assign-4.1.1.tgz",
      "integrity": "sha1-IQmtx5ZYh8/AXLvUQsrIv7s2CGM="
    },
    "pbf": {
      "version": "3.2.1",
      "resolved": "https://registry.npmjs.org/pbf/-/pbf-3.2.1.tgz",
      "integrity": "sha512-ClrV7pNOn7rtmoQVF4TS1vyU0WhYRnP92fzbfF75jAIwpnzdJXf8iTd4CMEqO4yUenH6NDqLiwjqlh6QgZzgLQ==",
      "requires": {
        "ieee754": "^1.1.12",
        "resolve-protobuf-schema": "^2.1.0"
      }
    },
    "potpack": {
      "version": "1.0.1",
      "resolved": "https://registry.npmjs.org/potpack/-/potpack-1.0.1.tgz",
      "integrity": "sha512-15vItUAbViaYrmaB/Pbw7z6qX2xENbFSTA7Ii4tgbPtasxm5v6ryKhKtL91tpWovDJzTiZqdwzhcFBCwiMVdVw=="
    },
    "prop-types": {
      "version": "15.7.2",
      "resolved": "https://registry.npmjs.org/prop-types/-/prop-types-15.7.2.tgz",
      "integrity": "sha512-8QQikdH7//R2vurIJSutZ1smHYTcLpRWEOlHnzcWHmBYrOGUysKwSsrC89BCiFj3CbrfJ/nXFdJepOVrY1GCHQ==",
      "requires": {
        "loose-envify": "^1.4.0",
        "object-assign": "^4.1.1",
        "react-is": "^16.8.1"
      }
    },
    "protocol-buffers-schema": {
      "version": "3.5.1",
      "resolved": "https://registry.npmjs.org/protocol-buffers-schema/-/protocol-buffers-schema-3.5.1.tgz",
      "integrity": "sha512-YVCvdhxWNDP8/nJDyXLuM+UFsuPk4+1PB7WGPVDzm3HTHbzFLxQYeW2iZpS4mmnXrQJGBzt230t/BbEb7PrQaw=="
    },
    "quickselect": {
      "version": "2.0.0",
      "resolved": "https://registry.npmjs.org/quickselect/-/quickselect-2.0.0.tgz",
      "integrity": "sha512-RKJ22hX8mHe3Y6wH/N3wCM6BWtjaxIyyUIkpHOvfFnxdI4yD4tBXEBKSbriGujF6jnSVkJrffuo6vxACiSSxIw=="
    },
    "rc-align": {
      "version": "4.0.9",
      "resolved": "https://registry.npmjs.org/rc-align/-/rc-align-4.0.9.tgz",
      "integrity": "sha512-myAM2R4qoB6LqBul0leaqY8gFaiECDJ3MtQDmzDo9xM9NRT/04TvWOYd2YHU9zvGzqk9QXF6S9/MifzSKDZeMw==",
      "requires": {
        "@babel/runtime": "^7.10.1",
        "classnames": "2.x",
        "dom-align": "^1.7.0",
        "rc-util": "^5.3.0",
        "resize-observer-polyfill": "^1.5.1"
      }
    },
    "rc-cascader": {
      "version": "1.4.2",
      "resolved": "https://registry.npmjs.org/rc-cascader/-/rc-cascader-1.4.2.tgz",
      "integrity": "sha512-JVuLGrSi+3G8DZyPvlKlGVWJjhoi9NTz6REHIgRspa5WnznRkKGm2ejb0jJtz0m2IL8Q9BG4ZA2sXuqAu71ltQ==",
      "requires": {
        "@babel/runtime": "^7.12.5",
        "array-tree-filter": "^2.1.0",
        "rc-trigger": "^5.0.4",
        "rc-util": "^5.0.1",
        "warning": "^4.0.1"
      }
    },
    "rc-checkbox": {
      "version": "2.3.2",
      "resolved": "https://registry.npmjs.org/rc-checkbox/-/rc-checkbox-2.3.2.tgz",
      "integrity": "sha512-afVi1FYiGv1U0JlpNH/UaEXdh6WUJjcWokj/nUN2TgG80bfG+MDdbfHKlLcNNba94mbjy2/SXJ1HDgrOkXGAjg==",
      "requires": {
        "@babel/runtime": "^7.10.1",
        "classnames": "^2.2.1"
      }
    },
    "rc-collapse": {
      "version": "3.1.0",
      "resolved": "https://registry.npmjs.org/rc-collapse/-/rc-collapse-3.1.0.tgz",
      "integrity": "sha512-EwpNPJcLe7b+5JfyaxM9ZNnkCgqArt3QQO0Cr5p5plwz/C9h8liAmjYY5I4+hl9lAjBqb7ZwLu94+z+rt5g1WQ==",
      "requires": {
        "@babel/runtime": "^7.10.1",
        "classnames": "2.x",
        "rc-motion": "^2.3.4",
        "rc-util": "^5.2.1",
        "shallowequal": "^1.1.0"
      }
    },
    "rc-dialog": {
      "version": "8.5.2",
      "resolved": "https://registry.npmjs.org/rc-dialog/-/rc-dialog-8.5.2.tgz",
      "integrity": "sha512-3n4taFcjqhTE9uNuzjB+nPDeqgRBTEGBfe46mb1e7r88DgDo0lL4NnxY/PZ6PJKd2tsCt+RrgF/+YeTvJ/Thsw==",
      "requires": {
        "@babel/runtime": "^7.10.1",
        "classnames": "^2.2.6",
        "rc-motion": "^2.3.0",
        "rc-util": "^5.6.1"
      }
    },
    "rc-drawer": {
      "version": "4.3.1",
      "resolved": "https://registry.npmjs.org/rc-drawer/-/rc-drawer-4.3.1.tgz",
      "integrity": "sha512-GMfFy4maqxS9faYXEhQ+0cA1xtkddEQzraf6SAdzWbn444DrrLogwYPk1NXSpdXjLCLxgxOj9MYtyYG42JsfXg==",
      "requires": {
        "@babel/runtime": "^7.10.1",
        "classnames": "^2.2.6",
        "rc-util": "^5.7.0"
      }
    },
    "rc-dropdown": {
      "version": "3.2.0",
      "resolved": "https://registry.npmjs.org/rc-dropdown/-/rc-dropdown-3.2.0.tgz",
      "integrity": "sha512-j1HSw+/QqlhxyTEF6BArVZnTmezw2LnSmRk6I9W7BCqNCKaRwleRmMMs1PHbuaG8dKHVqP6e21RQ7vPBLVnnNw==",
      "requires": {
        "@babel/runtime": "^7.10.1",
        "classnames": "^2.2.6",
        "rc-trigger": "^5.0.4"
      }
    },
    "rc-field-form": {
      "version": "1.20.0",
      "resolved": "https://registry.npmjs.org/rc-field-form/-/rc-field-form-1.20.0.tgz",
      "integrity": "sha512-jkzsIfXR7ywEYdeAtktt1aLff88wxIPDLpq7KShHNl4wlsWrCE+TzkXBfjvVzYOVZt5GGrD8YDqNO/q6eaR/eA==",
      "requires": {
        "@babel/runtime": "^7.8.4",
        "async-validator": "^3.0.3",
        "rc-util": "^5.8.0"
      }
    },
    "rc-image": {
      "version": "5.2.4",
      "resolved": "https://registry.npmjs.org/rc-image/-/rc-image-5.2.4.tgz",
      "integrity": "sha512-kWOjhZC1OoGKfvWqtDoO9r8WUNswBwnjcstI6rf7HMudz0usmbGvewcWqsOhyaBRJL9+I4eeG+xiAoxV1xi75Q==",
      "requires": {
        "@babel/runtime": "^7.11.2",
        "classnames": "^2.2.6",
        "rc-dialog": "~8.5.0",
        "rc-util": "^5.0.6"
      }
    },
    "rc-input-number": {
      "version": "7.0.6",
      "resolved": "https://registry.npmjs.org/rc-input-number/-/rc-input-number-7.0.6.tgz",
      "integrity": "sha512-J5DIoCKIunoPb16FEghaEOyNDuZXD5F9LxLNcqd31z/0e37XtuHgo4QF/TonKLsESwdg7UAzWhiD0K6PPrN3YQ==",
      "requires": {
        "@babel/runtime": "^7.10.1",
        "classnames": "^2.2.5",
        "rc-util": "^5.9.8"
      }
    },
    "rc-mentions": {
      "version": "1.5.3",
      "resolved": "https://registry.npmjs.org/rc-mentions/-/rc-mentions-1.5.3.tgz",
      "integrity": "sha512-NG/KB8YiKBCJPHHvr/QapAb4f9YzLJn7kDHtmI1K6t7ZMM5YgrjIxNNhoRKKP9zJvb9PdPts69Hbg4ZMvLVIFQ==",
      "requires": {
        "@babel/runtime": "^7.10.1",
        "classnames": "^2.2.6",
        "rc-menu": "^8.0.1",
        "rc-textarea": "^0.3.0",
        "rc-trigger": "^5.0.4",
        "rc-util": "^5.0.1"
      }
    },
    "rc-menu": {
      "version": "8.10.7",
      "resolved": "https://registry.npmjs.org/rc-menu/-/rc-menu-8.10.7.tgz",
      "integrity": "sha512-m/ypV7OjkkUsMdutzMUxEI8tWyi0Y1TQ5YkSDk7k2uv2aCKkHYEoDKsDAfcPeejo3HMo2z5unWE+jD+dCphraw==",
      "requires": {
        "@babel/runtime": "^7.10.1",
        "classnames": "2.x",
        "mini-store": "^3.0.1",
        "rc-motion": "^2.0.1",
        "rc-trigger": "^5.1.2",
        "rc-util": "^5.7.0",
        "resize-observer-polyfill": "^1.5.0",
        "shallowequal": "^1.1.0"
      }
    },
    "rc-motion": {
      "version": "2.4.1",
      "resolved": "https://registry.npmjs.org/rc-motion/-/rc-motion-2.4.1.tgz",
      "integrity": "sha512-TWLvymfMu8SngPx5MDH8dQ0D2RYbluNTfam4hY/dNNx9RQ3WtGuZ/GXHi2ymLMzH+UNd6EEFYkOuR5JTTtm8Xg==",
      "requires": {
        "@babel/runtime": "^7.11.1",
        "classnames": "^2.2.1",
        "rc-util": "^5.2.1"
      }
    },
    "rc-notification": {
      "version": "4.5.5",
      "resolved": "https://registry.npmjs.org/rc-notification/-/rc-notification-4.5.5.tgz",
      "integrity": "sha512-YIfhTSw+h5GsSdgMnuMx24wqiPlg3FeamuOlkh9RkyHx+SeZVAKzQ0juy2NGvPEF2hDWi5xTqxUqLdo0L2AmGg==",
      "requires": {
        "@babel/runtime": "^7.10.1",
        "classnames": "2.x",
        "rc-motion": "^2.2.0",
        "rc-util": "^5.0.1"
      }
    },
    "rc-overflow": {
      "version": "1.1.1",
      "resolved": "https://registry.npmjs.org/rc-overflow/-/rc-overflow-1.1.1.tgz",
      "integrity": "sha512-bkGrxvWtz6xQfxBPBQcN8xOEHFCeG0R4pfLAku6kFLQF9NPMTt5HvT+Bq0+stqom9eI3WRlun6RPzfjTamPwew==",
      "requires": {
        "@babel/runtime": "^7.11.1",
        "classnames": "^2.2.1",
        "rc-resize-observer": "^1.0.0",
        "rc-util": "^5.5.1"
      }
    },
    "rc-pagination": {
      "version": "3.1.6",
      "resolved": "https://registry.npmjs.org/rc-pagination/-/rc-pagination-3.1.6.tgz",
      "integrity": "sha512-Pb2zJEt8uxXzYCWx/2qwsYZ3vSS9Eqdw0cJBli6C58/iYhmvutSBqrBJh51Z5UzYc5ZcW5CMeP5LbbKE1J3rpw==",
      "requires": {
        "@babel/runtime": "^7.10.1",
        "classnames": "^2.2.1"
      }
    },
    "rc-picker": {
      "version": "2.5.10",
      "resolved": "https://registry.npmjs.org/rc-picker/-/rc-picker-2.5.10.tgz",
      "integrity": "sha512-d2or2jql9SSY8CaRPybpbKkXBq3bZ6g88UKyWQZBLTCrc92Xm87RfRC/P3UEQo/CLmia3jVF7IXVi1HmNe2DZA==",
      "requires": {
        "@babel/runtime": "^7.10.1",
        "classnames": "^2.2.1",
        "date-fns": "^2.15.0",
        "moment": "^2.24.0",
        "rc-trigger": "^5.0.4",
        "rc-util": "^5.4.0",
        "shallowequal": "^1.1.0"
      }
    },
    "rc-progress": {
      "version": "3.1.3",
      "resolved": "https://registry.npmjs.org/rc-progress/-/rc-progress-3.1.3.tgz",
      "integrity": "sha512-Jl4fzbBExHYMoC6HBPzel0a9VmhcSXx24LVt/mdhDM90MuzoMCJjXZAlhA0V0CJi+SKjMhfBoIQ6Lla1nD4QNw==",
      "requires": {
        "@babel/runtime": "^7.10.1",
        "classnames": "^2.2.6"
      }
    },
    "rc-rate": {
      "version": "2.9.1",
      "resolved": "https://registry.npmjs.org/rc-rate/-/rc-rate-2.9.1.tgz",
      "integrity": "sha512-MmIU7FT8W4LYRRHJD1sgG366qKtSaKb67D0/vVvJYR0lrCuRrCiVQ5qhfT5ghVO4wuVIORGpZs7ZKaYu+KMUzA==",
      "requires": {
        "@babel/runtime": "^7.10.1",
        "classnames": "^2.2.5",
        "rc-util": "^5.0.1"
      }
    },
    "rc-resize-observer": {
      "version": "1.0.0",
      "resolved": "https://registry.npmjs.org/rc-resize-observer/-/rc-resize-observer-1.0.0.tgz",
      "integrity": "sha512-RgKGukg1mlzyGdvzF7o/LGFC8AeoMH9aGzXTUdp6m+OApvmRdUuOscq/Y2O45cJA+rXt1ApWlpFoOIioXL3AGg==",
      "requires": {
        "@babel/runtime": "^7.10.1",
        "classnames": "^2.2.1",
        "rc-util": "^5.0.0",
        "resize-observer-polyfill": "^1.5.1"
      }
    },
    "rc-select": {
      "version": "12.1.9",
      "resolved": "https://registry.npmjs.org/rc-select/-/rc-select-12.1.9.tgz",
      "integrity": "sha512-jsqcdby3Ag9ohYQ0d4vS4Q2jeWjj6kb2NHS9WcQSse0/5lCb3mqXI/1fkKRRIhdQvMBklYh4ctSox3mDrZiB8A==",
      "requires": {
        "@babel/runtime": "^7.10.1",
        "classnames": "2.x",
        "rc-motion": "^2.0.1",
        "rc-overflow": "^1.0.0",
        "rc-trigger": "^5.0.4",
        "rc-util": "^5.9.8",
        "rc-virtual-list": "^3.2.0"
      }
    },
    "rc-slider": {
      "version": "9.7.2",
      "resolved": "https://registry.npmjs.org/rc-slider/-/rc-slider-9.7.2.tgz",
      "integrity": "sha512-mVaLRpDo6otasBs6yVnG02ykI3K6hIrLTNfT5eyaqduFv95UODI9PDS6fWuVVehVpdS4ENgOSwsTjrPVun+k9g==",
      "requires": {
        "@babel/runtime": "^7.10.1",
        "classnames": "^2.2.5",
        "rc-tooltip": "^5.0.1",
        "rc-util": "^5.0.0",
        "shallowequal": "^1.1.0"
      }
    },
    "rc-steps": {
      "version": "4.1.3",
      "resolved": "https://registry.npmjs.org/rc-steps/-/rc-steps-4.1.3.tgz",
      "integrity": "sha512-GXrMfWQOhN3sVze3JnzNboHpQdNHcdFubOETUHyDpa/U3HEKBZC3xJ8XK4paBgF4OJ3bdUVLC+uBPc6dCxvDYA==",
      "requires": {
        "@babel/runtime": "^7.10.2",
        "classnames": "^2.2.3",
        "rc-util": "^5.0.1"
      }
    },
    "rc-switch": {
      "version": "3.2.2",
      "resolved": "https://registry.npmjs.org/rc-switch/-/rc-switch-3.2.2.tgz",
      "integrity": "sha512-+gUJClsZZzvAHGy1vZfnwySxj+MjLlGRyXKXScrtCTcmiYNPzxDFOxdQ/3pK1Kt/0POvwJ/6ALOR8gwdXGhs+A==",
      "requires": {
        "@babel/runtime": "^7.10.1",
        "classnames": "^2.2.1",
        "rc-util": "^5.0.1"
      }
    },
    "rc-table": {
      "version": "7.13.3",
      "resolved": "https://registry.npmjs.org/rc-table/-/rc-table-7.13.3.tgz",
      "integrity": "sha512-oP4fknjvKCZAaiDnvj+yzBaWcg+JYjkASbeWonU1BbrLcomkpKvMUgPODNEzg0QdXA9OGW0PO86h4goDSW06Kg==",
      "requires": {
        "@babel/runtime": "^7.10.1",
        "classnames": "^2.2.5",
        "rc-resize-observer": "^1.0.0",
        "rc-util": "^5.4.0",
        "shallowequal": "^1.1.0"
      }
    },
    "rc-tabs": {
      "version": "11.7.3",
      "resolved": "https://registry.npmjs.org/rc-tabs/-/rc-tabs-11.7.3.tgz",
      "integrity": "sha512-5nd2NVss9TprPRV9r8N05SjQyAE7zDrLejxFLcbJ+BdLxSwnGnk3ws/Iq0smqKZUnPQC0XEvnpF3+zlllUUT2w==",
      "requires": {
        "@babel/runtime": "^7.11.2",
        "classnames": "2.x",
        "rc-dropdown": "^3.1.3",
        "rc-menu": "^8.6.1",
        "rc-resize-observer": "^1.0.0",
        "rc-util": "^5.5.0"
      }
    },
    "rc-textarea": {
      "version": "0.3.4",
      "resolved": "https://registry.npmjs.org/rc-textarea/-/rc-textarea-0.3.4.tgz",
      "integrity": "sha512-ILUYx831ZukQPv3m7R4RGRtVVWmL1LV4ME03L22mvT56US0DGCJJaRTHs4vmpcSjFHItph5OTmhodY4BOwy81A==",
      "requires": {
        "@babel/runtime": "^7.10.1",
        "classnames": "^2.2.1",
        "rc-resize-observer": "^1.0.0",
        "rc-util": "^5.7.0"
      }
    },
    "rc-tooltip": {
      "version": "5.1.0",
      "resolved": "https://registry.npmjs.org/rc-tooltip/-/rc-tooltip-5.1.0.tgz",
      "integrity": "sha512-pFqD1JZwNIpbdcefB7k5xREoHAWM/k3yQwYF0iminbmDXERgq4rvBfUwIvlCqqZSM7HDr9hYeYr6ZsVNaKtvCQ==",
      "requires": {
        "@babel/runtime": "^7.11.2",
        "rc-trigger": "^5.0.0"
      }
    },
    "rc-tree": {
      "version": "4.1.5",
      "resolved": "https://registry.npmjs.org/rc-tree/-/rc-tree-4.1.5.tgz",
      "integrity": "sha512-q2vjcmnBDylGZ9/ZW4F9oZMKMJdbFWC7um+DAQhZG1nqyg1iwoowbBggUDUaUOEryJP+08bpliEAYnzJXbI5xQ==",
      "requires": {
        "@babel/runtime": "^7.10.1",
        "classnames": "2.x",
        "rc-motion": "^2.0.1",
        "rc-util": "^5.0.0",
        "rc-virtual-list": "^3.0.1"
      }
    },
    "rc-tree-select": {
      "version": "4.3.1",
      "resolved": "https://registry.npmjs.org/rc-tree-select/-/rc-tree-select-4.3.1.tgz",
      "integrity": "sha512-OeV8u5kBEJ8MbatP04Rh8T3boOHGjdGBTEm1a0bubBbB2GNNhlMOr4ZxezkHYtXf02JdBS/WyydmI/RMjXgtJA==",
      "requires": {
        "@babel/runtime": "^7.10.1",
        "classnames": "2.x",
        "rc-select": "^12.0.0",
        "rc-tree": "^4.0.0",
        "rc-util": "^5.0.5"
      }
    },
    "rc-trigger": {
      "version": "5.2.5",
      "resolved": "https://registry.npmjs.org/rc-trigger/-/rc-trigger-5.2.5.tgz",
      "integrity": "sha512-RlF5RpWqK+JeiFeQVOzwjLFzpNe2FowoXc/42azz+20wr/bYF1Q/MwprUK+3+vs/oFhLC0ht3/NlrslAo/OoWA==",
      "requires": {
        "@babel/runtime": "^7.11.2",
        "classnames": "^2.2.6",
        "rc-align": "^4.0.0",
        "rc-motion": "^2.0.0",
        "rc-util": "^5.5.0"
      }
    },
    "rc-upload": {
      "version": "4.2.0",
      "resolved": "https://registry.npmjs.org/rc-upload/-/rc-upload-4.2.0.tgz",
      "integrity": "sha512-BXtvBs1PnwLjaUzBBU5z4yb9NMSaxc6mUIoPmS9LUAzaTz12L3TLrwu+8dnopYUiyLmYFS3LEO7aUfEWBqJfSA==",
      "requires": {
        "@babel/runtime": "^7.10.1",
        "classnames": "^2.2.5",
        "rc-util": "^5.2.0"
      }
    },
    "rc-util": {
      "version": "5.9.8",
      "resolved": "https://registry.npmjs.org/rc-util/-/rc-util-5.9.8.tgz",
      "integrity": "sha512-typLSHYGf5irvGLYQshs0Ra3aze086h0FhzsAkyirMunYZ7b3Te8gKa5PVaanoHaZa9sS6qx98BxgysoRP+6Tw==",
      "requires": {
        "@babel/runtime": "^7.12.5",
        "react-is": "^16.12.0",
        "shallowequal": "^1.1.0"
      }
    },
    "rc-virtual-list": {
      "version": "3.2.6",
      "resolved": "https://registry.npmjs.org/rc-virtual-list/-/rc-virtual-list-3.2.6.tgz",
      "integrity": "sha512-8FiQLDzm3c/tMX0d62SQtKDhLH7zFlSI6pWBAPt+TUntEqd3Lz9zFAmpvTu8gkvUom/HCsDSZs4wfV4wDPWC0Q==",
      "requires": {
        "classnames": "^2.2.6",
        "rc-resize-observer": "^1.0.0",
        "rc-util": "^5.0.7"
      }
    },
    "react-is": {
      "version": "16.13.1",
      "resolved": "https://registry.npmjs.org/react-is/-/react-is-16.13.1.tgz",
      "integrity": "sha512-24e6ynE2H+OKt4kqsOvNd8kBpV65zoxbA4BVsEOB3ARVWQki/DHzaUoC5KuON/BiccDaCCTZBuOcfZs70kR8bQ=="
    },
    "react-map-gl": {
      "version": "6.1.12",
      "resolved": "https://registry.npmjs.org/react-map-gl/-/react-map-gl-6.1.12.tgz",
      "integrity": "sha512-DTDnQNPHdPwoLTxDtIhcavekM1K02iUxFKPfIXxyo8RYQ3vA7jrILt9rpfTvQt+EoeF5302oxoue2v7+N6ex+Q==",
      "requires": {
        "@babel/runtime": "^7.0.0",
        "@types/geojson": "^7946.0.7",
        "@types/mapbox-gl": "^2.0.3",
        "mapbox-gl": "^2.0.1",
        "mjolnir.js": "^2.5.0",
        "prop-types": "^15.7.2",
        "resize-observer-polyfill": "^1.5.1",
        "viewport-mercator-project": "^6.2.3 || ^7.0.2"
      }
    },
    "readable-stream": {
      "version": "3.6.0",
      "resolved": "https://registry.npmjs.org/readable-stream/-/readable-stream-3.6.0.tgz",
      "integrity": "sha512-BViHy7LKeTz4oNnkcLJ+lVSL6vpiFeX6/d3oSH8zCW7UxP2onchk+vTGB143xuFjHS3deTgkKoXXymXqymiIdA==",
      "requires": {
        "inherits": "^2.0.3",
        "string_decoder": "^1.1.1",
        "util-deprecate": "^1.0.1"
      }
    },
    "regenerator-runtime": {
      "version": "0.13.7",
      "resolved": "https://registry.npmjs.org/regenerator-runtime/-/regenerator-runtime-0.13.7.tgz",
      "integrity": "sha512-a54FxoJDIr27pgf7IgeQGxmqUNYrcV338lf/6gH456HZ/PhX+5BcwHXG9ajESmwe6WRO0tAzRUrRmNONWgkrew=="
    },
    "resize-observer-polyfill": {
      "version": "1.5.1",
      "resolved": "https://registry.npmjs.org/resize-observer-polyfill/-/resize-observer-polyfill-1.5.1.tgz",
      "integrity": "sha512-LwZrotdHOo12nQuZlHEmtuXdqGoOD0OhaxopaNFxWzInpEgaLWoVuAMbTzixuosCx2nEG58ngzW3vxdWoxIgdg=="
    },
    "resolve-protobuf-schema": {
      "version": "2.1.0",
      "resolved": "https://registry.npmjs.org/resolve-protobuf-schema/-/resolve-protobuf-schema-2.1.0.tgz",
      "integrity": "sha512-kI5ffTiZWmJaS/huM8wZfEMer1eRd7oJQhDuxeCLe3t7N7mX3z94CN0xPxBQxFYQTSNz9T0i+v6inKqSdK8xrQ==",
      "requires": {
        "protocol-buffers-schema": "^3.3.1"
      }
    },
    "rw": {
      "version": "1.3.3",
      "resolved": "https://registry.npmjs.org/rw/-/rw-1.3.3.tgz",
      "integrity": "sha1-P4Yt+pGrdmsUiF700BEkv9oHT7Q="
    },
    "safe-buffer": {
      "version": "5.2.1",
      "resolved": "https://registry.npmjs.org/safe-buffer/-/safe-buffer-5.2.1.tgz",
      "integrity": "sha512-rp3So07KcdmmKbGvgaNxQSJr7bGVSVk5S9Eq1F+ppbRo70+YeaDxkw5Dd8NPN+GD6bjnYm2VuPuCXmpuYvmCXQ=="
    },
    "scroll-into-view-if-needed": {
      "version": "2.2.28",
      "resolved": "https://registry.npmjs.org/scroll-into-view-if-needed/-/scroll-into-view-if-needed-2.2.28.tgz",
      "integrity": "sha512-8LuxJSuFVc92+0AdNv4QOxRL4Abeo1DgLnGNkn1XlaujPH/3cCFz3QI60r2VNu4obJJROzgnIUw5TKQkZvZI1w==",
      "requires": {
        "compute-scroll-into-view": "^1.0.17"
      }
    },
    "shallowequal": {
      "version": "1.1.0",
      "resolved": "https://registry.npmjs.org/shallowequal/-/shallowequal-1.1.0.tgz",
      "integrity": "sha512-y0m1JoUZSlPAjXVtPPW70aZWfIL/dSP7AFkRnniLCrK/8MDKog3TySTBmckD+RObVxH0v4Tox67+F14PdED2oQ=="
    },
    "string-convert": {
      "version": "0.2.1",
      "resolved": "https://registry.npmjs.org/string-convert/-/string-convert-0.2.1.tgz",
      "integrity": "sha1-aYLMMEn7tM2F+LJFaLnZvznu/5c="
    },
    "string_decoder": {
      "version": "1.3.0",
      "resolved": "https://registry.npmjs.org/string_decoder/-/string_decoder-1.3.0.tgz",
      "integrity": "sha512-hkRX8U1WjJFd8LsDJ2yQ/wWWxaopEsABU1XfkM8A+j0+85JAGppt16cr1Whg6KIbb4okU6Mql6BOj+uup/wKeA==",
      "requires": {
        "safe-buffer": "~5.2.0"
      }
    },
    "supercluster": {
      "version": "7.1.3",
      "resolved": "https://registry.npmjs.org/supercluster/-/supercluster-7.1.3.tgz",
      "integrity": "sha512-7+bR4FbF5SYsmkHfDp61QiwCKtwNDyPsddk9TzfsDA5DQr5Goii5CVD2SXjglweFCxjrzVZf945ahqYfUIk8UA==",
      "requires": {
        "kdbush": "^3.0.0"
      }
    },
    "tinyqueue": {
      "version": "2.0.3",
      "resolved": "https://registry.npmjs.org/tinyqueue/-/tinyqueue-2.0.3.tgz",
      "integrity": "sha512-ppJZNDuKGgxzkHihX8v9v9G5f+18gzaTfrukGrq6ueg0lmH4nqVnA2IPG0AEH3jKEk2GRJCUhDoqpoiw3PHLBA=="
    },
    "toggle-selection": {
      "version": "1.0.6",
      "resolved": "https://registry.npmjs.org/toggle-selection/-/toggle-selection-1.0.6.tgz",
      "integrity": "sha1-bkWxJj8gF/oKzH2J14sVuL932jI="
    },
    "typedarray": {
      "version": "0.0.6",
      "resolved": "https://registry.npmjs.org/typedarray/-/typedarray-0.0.6.tgz",
      "integrity": "sha1-hnrHTjhkGHsdPUfZlqeOxciDB3c="
    },
    "util-deprecate": {
      "version": "1.0.2",
      "resolved": "https://registry.npmjs.org/util-deprecate/-/util-deprecate-1.0.2.tgz",
      "integrity": "sha1-RQ1Nyfpw3nMnYvvS1KKJgUGaDM8="
    },
    "viewport-mercator-project": {
      "version": "7.0.2",
      "resolved": "https://registry.npmjs.org/viewport-mercator-project/-/viewport-mercator-project-7.0.2.tgz",
      "integrity": "sha512-gH0pBO4Y5McGCPaKulkpL9MPDg+wtOSXtndwh0467T/WLMerfBi7EkHYw1pp9HE2VeqFqUaAfot98cQPGaIjEA==",
      "requires": {
        "@math.gl/web-mercator": "^3.2.0"
      }
    },
    "vt-pbf": {
      "version": "3.1.1",
      "resolved": "https://registry.npmjs.org/vt-pbf/-/vt-pbf-3.1.1.tgz",
      "integrity": "sha512-pHjWdrIoxurpmTcbfBWXaPwSmtPAHS105253P1qyEfSTV2HJddqjM+kIHquaT/L6lVJIk9ltTGc0IxR/G47hYA==",
      "requires": {
        "@mapbox/point-geometry": "0.1.0",
        "@mapbox/vector-tile": "^1.3.1",
        "pbf": "^3.0.5"
      }
    },
    "warning": {
      "version": "4.0.3",
      "resolved": "https://registry.npmjs.org/warning/-/warning-4.0.3.tgz",
      "integrity": "sha512-rpJyN222KWIvHJ/F53XSZv0Zl/accqHR8et1kpaMTD/fLCRxtV8iX8czMzY7sVZupTI3zcUTg8eycS2kNF9l6w==",
      "requires": {
        "loose-envify": "^1.0.0"
      }
    }
  }
}
